
Microsoft Visual Studio Solution File, Format Version 12.00
# Visual Studio Version 16
VisualStudioVersion = 16.0.31624.102
MinimumVisualStudioVersion = 10.0.40219.1
Project("{FAE04EC0-301F-11D3-BF4B-00C04F79EFBC}") = "demoapp", "demoapp\demoapp.csproj", "{AE212900-3D0E-4878-B50F-6B9F2B0172B9}"
EndProject
Global
	GlobalSection(SolutionConfigurationPlatforms) = preSolution
		Debug|Any CPU = Debug|Any CPU
		Release|Any CPU = Release|Any CPU
	EndGlobalSection
	GlobalSection(ProjectConfigurationPlatforms) = postSolution
		{AE212900-3D0E-4878-B50F-6B9F2B0172B9}.Debug|Any CPU.ActiveCfg = Debug|Any CPU
		{AE212900-3D0E-4878-B50F-6B9F2B0172B9}.Debug|Any CPU.Build.0 = Debug|Any CPU
		{AE212900-3D0E-4878-B50F-6B9F2B0172B9}.Release|Any CPU.ActiveCfg = Release|Any CPU
		{AE212900-3D0E-4878-B50F-6B9F2B0172B9}.Release|Any CPU.Build.0 = Release|Any CPU
	EndGlobalSection
	GlobalSection(SolutionProperties) = preSolution
		HideSolutionNode = FALSE
	EndGlobalSection
	GlobalSection(ExtensibilityGlobals) = postSolution
		SolutionGuid = {BF75DA98-4306-4194-B50C-9BCAA49B89A8}
	EndGlobalSection
EndGlobal
